PODS:
  - AppAuth (1.4.0):
    - AppAuth/Core (= 1.4.0)
    - AppAuth/ExternalUserAgent (= 1.4.0)
  - AppAuth/Core (1.4.0)
  - AppAuth/ExternalUserAgent (1.4.0)
  - CalendarWrapper (0.5.39):
    - AppAuth
    - GoogleAPIClientForREST/Calendar
    - GoogleAPIClientForREST/PeopleService
    - GoogleAPIClientForREST/Tasks
    - GTMAppAuth
    - GTMSessionFetcher
  - GoogleAPIClientForREST/Calendar (1.6.0):
    - GoogleAPIClientForREST/Core
    - GTMSessionFetcher (>= 1.6.1)
  - GoogleAPIClientForREST/Core (1.6.0):
    - GTMSessionFetcher (>= 1.6.1)
  - GoogleAPIClientForREST/PeopleService (1.6.0):
    - GoogleAPIClientForREST/Core
    - GTMSessionFetcher (>= 1.6.1)
  - GoogleAPIClientForREST/Tasks (1.6.0):
    - GoogleAPIClientForREST/Core
    - GTMSessionFetcher (>= 1.6.1)
  - GTMAppAuth (1.2.2):
    - AppAuth/Core (~> 1.4)
    - GTMSessionFetcher/Core (~> 1.5)
  - GTMSessionFetcher (1.7.0):
    - GTMSessionFetcher/Full (= 1.7.0)
  - GTMSessionFetcher/Core (1.7.0)
  - GTMSessionFetcher/Full (1.7.0):
    - GTMSessionFetcher/Core (= 1.7.0)
  - Nimble (9.2.1)
  - OHHTTPStubs (9.1.0):
    - OHHTTPStubs/Default (= 9.1.0)
  - OHHTTPStubs/Core (9.1.0)
  - OHHTTPStubs/Default (9.1.0):
    - OHHTTPStubs/Core
    - OHHTTPStubs/JSON
    - OHHTTPStubs/NSURLSession
    - OHHTTPStubs/OHPathHelpers
  - OHHTTPStubs/JSON (9.1.0):
    - OHHTTPStubs/Core
  - OHHTTPStubs/NSURLSession (9.1.0):
    - OHHTTPStubs/Core
  - OHHTTPStubs/OHPathHelpers (9.1.0)

DEPENDENCIES:
  - CalendarWrapper (from `../`)
  - Nimble (~> 9.2.1)
  - OHHTTPStubs (~> 9.1.0)

SPEC REPOS:
  trunk:
    - AppAuth
    - GoogleAPIClientForREST
    - GTMAppAuth
    - GTMSessionFetcher
    - Nimble
    - OHHTTPStubs

EXTERNAL SOURCES:
  CalendarWrapper:
    :path: "../"

SPEC CHECKSUMS:
  AppAuth: 31bcec809a638d7bd2f86ea8a52bd45f6e81e7c7
  CalendarWrapper: 0d49d4c99864b6892aad046b6ea4e2758ce9fc25
  GoogleAPIClientForREST: 5183df28e7bcb7b7b41ebd558e16083cfed60d99
  GTMAppAuth: ad5c2b70b9a8689e1a04033c9369c4915bfcbe89
  GTMSessionFetcher: 43748f93435c2aa068b1cbe39655aaf600652e91
  Nimble: e7e615c0335ee4bf5b0d786685451e62746117d5
  OHHTTPStubs: 90eac6d8f2c18317baeca36698523dc67c513831

PODFILE CHECKSUM: 7887b10ecc1b9f2904efbd4f927366e9588cceb9

COCOAPODS: 1.11.2
